
Microsoft Visual Studio Solution File, Format Version 12.00
# Visual Studio Version 17
VisualStudioVersion = 17.12.35707.178
MinimumVisualStudioVersion = 10.0.40219.1
Project("{FAE04EC0-301F-11D3-BF4B-00C04F79EFBC}") = "FanKit.Layers", "FanKit.Layers\FanKit.Layers.csproj", "{B220661E-14EB-4195-989E-E669593942F6}"
EndProject
Project("{FAE04EC0-301F-11D3-BF4B-00C04F79EFBC}") = "FanKit.Layers.TestApp", "FanKit.Layers.TestApp\FanKit.Layers.TestApp.csproj", "{2695E632-620C-4F38-9D97-2F909FC66D01}"
EndProject
Global
	GlobalSection(SolutionConfigurationPlatforms) = preSolution
		Debug|Any CPU = Debug|Any CPU
		Release|Any CPU = Release|Any CPU
	EndGlobalSection
	GlobalSection(ProjectConfigurationPlatforms) = postSolution
		{B220661E-14EB-4195-989E-E669593942F6}.Debug|Any CPU.ActiveCfg = Debug|Any CPU
		{B220661E-14EB-4195-989E-E669593942F6}.Debug|Any CPU.Build.0 = Debug|Any CPU
		{B220661E-14EB-4195-989E-E669593942F6}.Release|Any CPU.ActiveCfg = Release|Any CPU
		{B220661E-14EB-4195-989E-E669593942F6}.Release|Any CPU.Build.0 = Release|Any CPU
		{2695E632-620C-4F38-9D97-2F909FC66D01}.Debug|Any CPU.ActiveCfg = Debug|x64
		{2695E632-620C-4F38-9D97-2F909FC66D01}.Debug|Any CPU.Build.0 = Debug|x64
		{2695E632-620C-4F38-9D97-2F909FC66D01}.Debug|Any CPU.Deploy.0 = Debug|x64
		{2695E632-620C-4F38-9D97-2F909FC66D01}.Release|Any CPU.ActiveCfg = Release|x64
		{2695E632-620C-4F38-9D97-2F909FC66D01}.Release|Any CPU.Build.0 = Release|x64
		{2695E632-620C-4F38-9D97-2F909FC66D01}.Release|Any CPU.Deploy.0 = Release|x64
	EndGlobalSection
	GlobalSection(SolutionProperties) = preSolution
		HideSolutionNode = FALSE
	EndGlobalSection
EndGlobal
